// !$*UTF8*$!
{
	archiveVersion = 1;
	classes = {
	};
	objectVersion = 46;
	objects = {

/* Begin PBXBuildFile section */
		517D8A30183707D9000E97B5 /* Foundation.framework in Frameworks */ = {isa = PBXBuildFile; fileRef = 517D8A2F183707D9000E97B5 /* Foundation.framework */; };
		517D8A32183707D9000E97B5 /* CoreGraphics.framework in Frameworks */ = {isa = PBXBuildFile; fileRef = 517D8A31183707D9000E97B5 /* CoreGraphics.framework */; };
		517D8A34183707D9000E97B5 /* UIKit.framework in Frameworks */ = {isa = PBXBuildFile; fileRef = 517D8A33183707D9000E97B5 /* UIKit.framework */; };
		517D8A3A183707D9000E97B5 /* InfoPlist.strings in Resources */ = {isa = PBXBuildFile; fileRef = 517D8A38183707D9000E97B5 /* InfoPlist.strings */; };
		517D8A3C183707D9000E97B5 /* main.m in Sources */ = {isa = PBXBuildFile; fileRef = 517D8A3B183707D9000E97B5 /* main.m */; };
		517D8A40183707D9000E97B5 /* AppDelegate.m in Sources */ = {isa = PBXBuildFile; fileRef = 517D8A3F183707D9000E97B5 /* AppDelegate.m */; };
		517D8A42183707D9000E97B5 /* Images.xcassets in Resources */ = {isa = PBXBuildFile; fileRef = 517D8A41183707D9000E97B5 /* Images.xcassets */; };
		517D8A49183707D9000E97B5 /* XCTest.framework in Frameworks */ = {isa = PBXBuildFile; fileRef = 517D8A48183707D9000E97B5 /* XCTest.framework */; };
		517D8A4A183707D9000E97B5 /* Foundation.framework in Frameworks */ = {isa = PBXBuildFile; fileRef = 517D8A2F183707D9000E97B5 /* Foundation.framework */; };
		517D8A4B183707D9000E97B5 /* UIKit.framework in Frameworks */ = {isa = PBXBuildFile; fileRef = 517D8A33183707D9000E97B5 /* UIKit.framework */; };
		517D8A53183707D9000E97B5 /* InfoPlist.strings in Resources */ = {isa = PBXBuildFile; fileRef = 517D8A51183707D9000E97B5 /* InfoPlist.strings */; };
		517D8A55183707D9000E97B5 /* NB2Tests.m in Sources */ = {isa = PBXBuildFile; fileRef = 517D8A54183707D9000E97B5 /* NB2Tests.m */; };
		517D8A60183707FB000E97B5 /* MyNBTabBar.m in Sources */ = {isa = PBXBuildFile; fileRef = 517D8A5F183707FB000E97B5 /* MyNBTabBar.m */; };
		517D8A6618370846000E97B5 /* MyNBTabButton.m in Sources */ = {isa = PBXBuildFile; fileRef = 517D8A6518370846000E97B5 /* MyNBTabButton.m */; };
		517D8A6C1837089C000E97B5 /* MyNBTabNotification.m in Sources */ = {isa = PBXBuildFile; fileRef = 517D8A6B1837089C000E97B5 /* MyNBTabNotification.m */; };
		517D8A6F18370921000E97B5 /* MyNBTabController.m in Sources */ = {isa = PBXBuildFile; fileRef = 517D8A6E18370921000E97B5 /* MyNBTabController.m */; };
		517D8A7118371135000E97B5 /* tabBarNotificationLightOn.png in Resources */ = {isa = PBXBuildFile; fileRef = 517D8A7018371135000E97B5 /* tabBarNotificationLightOn.png */; };
		51CD57A718371FB700755575 /* hightabButtonBackground.png in Resources */ = {isa = PBXBuildFile; fileRef = 51CD57A518371FB700755575 /* hightabButtonBackground.png */; };
		51CD57A818371FB700755575 /* tabButtonBackground.png in Resources */ = {isa = PBXBuildFile; fileRef = 51CD57A618371FB700755575 /* tabButtonBackground.png */; };
		51CD57AB1837254300755575 /* ViewController.m in Sources */ = {isa = PBXBuildFile; fileRef = 51CD57AA1837254300755575 /* ViewController.m */; };
		51CD57B6183727AF00755575 /* favoritesIcon.png in Resources */ = {isa = PBXBuildFile; fileRef = 51CD57AC183727AF00755575 /* favoritesIcon.png */; };
		51CD57B7183727AF00755575 /* favoritesIconHighlighted.png in Resources */ = {isa = PBXBuildFile; fileRef = 51CD57AD183727AF00755575 /* favoritesIconHighlighted.png */; };
		51CD57B8183727AF00755575 /* mentionsIcon.png in Resources */ = {isa = PBXBuildFile; fileRef = 51CD57AE183727AF00755575 /* mentionsIcon.png */; };
		51CD57B9183727AF00755575 /* mentionsIconHighlighted.png in Resources */ = {isa = PBXBuildFile; fileRef = 51CD57AF183727AF00755575 /* mentionsIconHighlighted.png */; };
		51CD57BA183727AF00755575 /* messagesIcon.png in Resources */ = {isa = PBXBuildFile; fileRef = 51CD57B0183727AF00755575 /* messagesIcon.png */; };
		51CD57BB183727AF00755575 /* messagesIconHighlighted.png in Resources */ = {isa = PBXBuildFile; fileRef = 51CD57B1183727AF00755575 /* messagesIconHighlighted.png */; };
		51CD57BC183727AF00755575 /* searchIcon.png in Resources */ = {isa = PBXBuildFile; fileRef = 51CD57B2183727AF00755575 /* searchIcon.png */; };
		51CD57BD183727AF00755575 /* searchIconHighlighted.png in Resources */ = {isa = PBXBuildFile; fileRef = 51CD57B3183727AF00755575 /* searchIconHighlighted.png */; };
		51CD57BE183727AF00755575 /* timelineIcon.png in Resources */ = {isa = PBXBuildFile; fileRef = 51CD57B4183727AF00755575 /* timelineIcon.png */; };
		51CD57BF183727AF00755575 /* timelineIconHighlighted.png in Resources */ = {isa = PBXBuildFile; fileRef = 51CD57B5183727AF00755575 /* timelineIconHighlighted.png */; };
/* End PBXBuildFile section */

/* Begin PBXContainerItemProxy section */
		517D8A4C183707D9000E97B5 /* PBXContainerItemProxy */ = {
			isa = PBXContainerItemProxy;
			containerPortal = 517D8A24183707D9000E97B5 /* Project object */;
			proxyType = 1;
			remoteGlobalIDString = 517D8A2B183707D9000E97B5;
			remoteInfo = NB2;
		};
/* End PBXContainerItemProxy section */

/* Begin PBXFileReference section */
		517D8A2C183707D9000E97B5 /* NB2.app */ = {isa = PBXFileReference; explicitFileType = wrapper.application; includeInIndex = 0; path = NB2.app; sourceTree = BUILT_PRODUCTS_DIR; };
		517D8A2F183707D9000E97B5 /* Foundation.framework */ = {isa = PBXFileReference; lastKnownFileType = wrapper.framework; name = Foundation.framework; path = System/Library/Frameworks/Foundation.framework; sourceTree = SDKROOT; };
		517D8A31183707D9000E97B5 /* CoreGraphics.framework */ = {isa = PBXFileReference; lastKnownFileType = wrapper.framework; name = CoreGraphics.framework; path = System/Library/Frameworks/CoreGraphics.framework; sourceTree = SDKROOT; };
		517D8A33183707D9000E97B5 /* UIKit.framework */ = {isa = PBXFileReference; lastKnownFileType = wrapper.framework; name = UIKit.framework; path = System/Library/Frameworks/UIKit.framework; sourceTree = SDKROOT; };
		517D8A37183707D9000E97B5 /* NB2-Info.plist */ = {isa = PBXFileReference; lastKnownFileType = text.plist.xml; path = "NB2-Info.plist"; sourceTree = "<group>"; };
		517D8A39183707D9000E97B5 /* en */ = {isa = PBXFileReference; lastKnownFileType = text.plist.strings; name = en; path = en.lproj/InfoPlist.strings; sourceTree = "<group>"; };
		517D8A3B183707D9000E97B5 /* main.m */ = {isa = PBXFileReference; lastKnownFileType = sourcecode.c.objc; path = main.m; sourceTree = "<group>"; };
		517D8A3D183707D9000E97B5 /* NB2-Prefix.pch */ = {isa = PBXFileReference; lastKnownFileType = sourcecode.c.h; path = "NB2-Prefix.pch"; sourceTree = "<group>"; };
		517D8A3E183707D9000E97B5 /* AppDelegate.h */ = {isa = PBXFileReference; lastKnownFileType = sourcecode.c.h; path = AppDelegate.h; sourceTree = "<group>"; };
		517D8A3F183707D9000E97B5 /* AppDelegate.m */ = {isa = PBXFileReference; lastKnownFileType = sourcecode.c.objc; path = AppDelegate.m; sourceTree = "<group>"; };
		517D8A41183707D9000E97B5 /* Images.xcassets */ = {isa = PBXFileReference; lastKnownFileType = folder.assetcatalog; path = Images.xcassets; sourceTree = "<group>"; };
		517D8A47183707D9000E97B5 /* NB2Tests.xctest */ = {isa = PBXFileReference; explicitFileType = wrapper.cfbundle; includeInIndex = 0; path = NB2Tests.xctest; sourceTree = BUILT_PRODUCTS_DIR; };
		517D8A48183707D9000E97B5 /* XCTest.framework */ = {isa = PBXFileReference; lastKnownFileType = wrapper.framework; name = XCTest.framework; path = Library/Frameworks/XCTest.framework; sourceTree = DEVELOPER_DIR; };
		517D8A50183707D9000E97B5 /* NB2Tests-Info.plist */ = {isa = PBXFileReference; lastKnownFileType = text.plist.xml; path = "NB2Tests-Info.plist"; sourceTree = "<group>"; };
		517D8A52183707D9000E97B5 /* en */ = {isa = PBXFileReference; lastKnownFileType = text.plist.strings; name = en; path = en.lproj/InfoPlist.strings; sourceTree = "<group>"; };
		517D8A54183707D9000E97B5 /* NB2Tests.m */ = {isa = PBXFileReference; lastKnownFileType = sourcecode.c.objc; path = NB2Tests.m; sourceTree = "<group>"; };
		517D8A5E183707FB000E97B5 /* MyNBTabBar.h */ = {isa = PBXFileReference; fileEncoding = 4; lastKnownFileType = sourcecode.c.h; path = MyNBTabBar.h; sourceTree = "<group>"; };
		517D8A5F183707FB000E97B5 /* MyNBTabBar.m */ = {isa = PBXFileReference; fileEncoding = 4; lastKnownFileType = sourcecode.c.objc; path = MyNBTabBar.m; sourceTree = "<group>"; };
		517D8A6418370846000E97B5 /* MyNBTabButton.h */ = {isa = PBXFileReference; fileEncoding = 4; lastKnownFileType = sourcecode.c.h; path = MyNBTabButton.h; sourceTree = "<group>"; };
		517D8A6518370846000E97B5 /* MyNBTabButton.m */ = {isa = PBXFileReference; fileEncoding = 4; lastKnownFileType = sourcecode.c.objc; path = MyNBTabButton.m; sourceTree = "<group>"; };
		517D8A6A1837089C000E97B5 /* MyNBTabNotification.h */ = {isa = PBXFileReference; fileEncoding = 4; lastKnownFileType = sourcecode.c.h; path = MyNBTabNotification.h; sourceTree = "<group>"; };
		517D8A6B1837089C000E97B5 /* MyNBTabNotification.m */ = {isa = PBXFileReference; fileEncoding = 4; lastKnownFileType = sourcecode.c.objc; path = MyNBTabNotification.m; sourceTree = "<group>"; };
		517D8A6D18370921000E97B5 /* MyNBTabController.h */ = {isa = PBXFileReference; fileEncoding = 4; lastKnownFileType = sourcecode.c.h; path = MyNBTabController.h; sourceTree = "<group>"; };
		517D8A6E18370921000E97B5 /* MyNBTabController.m */ = {isa = PBXFileReference; fileEncoding = 4; lastKnownFileType = sourcecode.c.objc; path = MyNBTabController.m; sourceTree = "<group>"; };
		517D8A7018371135000E97B5 /* tabBarNotificationLightOn.png */ = {isa = PBXFileReference; lastKnownFileType = image.png; path = tabBarNotificationLightOn.png; sourceTree = "<group>"; };
		51CD57A518371FB700755575 /* hightabButtonBackground.png */ = {isa = PBXFileReference; lastKnownFileType = image.png; path = hightabButtonBackground.png; sourceTree = "<group>"; };
		51CD57A618371FB700755575 /* tabButtonBackground.png */ = {isa = PBXFileReference; lastKnownFileType = image.png; path = tabButtonBackground.png; sourceTree = "<group>"; };
		51CD57A91837254300755575 /* ViewController.h */ = {isa = PBXFileReference; fileEncoding = 4; lastKnownFileType = sourcecode.c.h; path = ViewController.h; sourceTree = "<group>"; };
		51CD57AA1837254300755575 /* ViewController.m */ = {isa = PBXFileReference; fileEncoding = 4; lastKnownFileType = sourcecode.c.objc; path = ViewController.m; sourceTree = "<group>"; };
		51CD57AC183727AF00755575 /* favoritesIcon.png */ = {isa = PBXFileReference; lastKnownFileType = image.png; path = favoritesIcon.png; sourceTree = "<group>"; };
		51CD57AD183727AF00755575 /* favoritesIconHighlighted.png */ = {isa = PBXFileReference; lastKnownFileType = image.png; path = favoritesIconHighlighted.png; sourceTree = "<group>"; };
		51CD57AE183727AF00755575 /* mentionsIcon.png */ = {isa = PBXFileReference; lastKnownFileType = image.png; path = mentionsIcon.png; sourceTree = "<group>"; };
		51CD57AF183727AF00755575 /* mentionsIconHighlighted.png */ = {isa = PBXFileReference; lastKnownFileType = image.png; path = mentionsIconHighlighted.png; sourceTree = "<group>"; };
		51CD57B0183727AF00755575 /* messagesIcon.png */ = {isa = PBXFileReference; lastKnownFileType = image.png; path = messagesIcon.png; sourceTree = "<group>"; };
		51CD57B1183727AF00755575 /* messagesIconHighlighted.png */ = {isa = PBXFileReference; lastKnownFileType = image.png; path = messagesIconHighlighted.png; sourceTree = "<group>"; };
		51CD57B2183727AF00755575 /* searchIcon.png */ = {isa = PBXFileReference; lastKnownFileType = image.png; path = searchIcon.png; sourceTree = "<group>"; };
		51CD57B3183727AF00755575 /* searchIconHighlighted.png */ = {isa = PBXFileReference; lastKnownFileType = image.png; path = searchIconHighlighted.png; sourceTree = "<group>"; };
		51CD57B4183727AF00755575 /* timelineIcon.png */ = {isa = PBXFileReference; lastKnownFileType = image.png; path = timelineIcon.png; sourceTree = "<group>"; };
		51CD57B5183727AF00755575 /* timelineIconHighlighted.png */ = {isa = PBXFileReference; lastKnownFileType = image.png; path = timelineIconHighlighted.png; sourceTree = "<group>"; };
/* End PBXFileReference section */

/* Begin PBXFrameworksBuildPhase section */
		517D8A29183707D9000E97B5 /* Frameworks */ = {
			isa = PBXFrameworksBuildPhase;
			buildActionMask = 2147483647;
			files = (
				517D8A32183707D9000E97B5 /* CoreGraphics.framework in Frameworks */,
				517D8A34183707D9000E97B5 /* UIKit.framework in Frameworks */,
				517D8A30183707D9000E97B5 /* Foundation.framework in Frameworks */,
			);
			runOnlyForDeploymentPostprocessing = 0;
		};
		517D8A44183707D9000E97B5 /* Frameworks */ = {
			isa = PBXFrameworksBuildPhase;
			buildActionMask = 2147483647;
			files = (
				517D8A49183707D9000E97B5 /* XCTest.framework in Frameworks */,
				517D8A4B183707D9000E97B5 /* UIKit.framework in Frameworks */,
				517D8A4A183707D9000E97B5 /* Foundation.framework in Frameworks */,
			);
			runOnlyForDeploymentPostprocessing = 0;
		};
/* End PBXFrameworksBuildPhase section */

/* Begin PBXGroup section */
		517D8A23183707D9000E97B5 = {
			isa = PBXGroup;
			children = (
				517D8A35183707D9000E97B5 /* NB2 */,
				517D8A4E183707D9000E97B5 /* NB2Tests */,
				517D8A2E183707D9000E97B5 /* Frameworks */,
				517D8A2D183707D9000E97B5 /* Products */,
			);
			sourceTree = "<group>";
		};
		517D8A2D183707D9000E97B5 /* Products */ = {
			isa = PBXGroup;
			children = (
				517D8A2C183707D9000E97B5 /* NB2.app */,
				517D8A47183707D9000E97B5 /* NB2Tests.xctest */,
			);
			name = Products;
			sourceTree = "<group>";
		};
		517D8A2E183707D9000E97B5 /* Frameworks */ = {
			isa = PBXGroup;
			children = (
				517D8A2F183707D9000E97B5 /* Foundation.framework */,
				517D8A31183707D9000E97B5 /* CoreGraphics.framework */,
				517D8A33183707D9000E97B5 /* UIKit.framework */,
				517D8A48183707D9000E97B5 /* XCTest.framework */,
			);
			name = Frameworks;
			sourceTree = "<group>";
		};
		517D8A35183707D9000E97B5 /* NB2 */ = {
			isa = PBXGroup;
			children = (
				517D8A7018371135000E97B5 /* tabBarNotificationLightOn.png */,
				51CD57A518371FB700755575 /* hightabButtonBackground.png */,
				51CD57A618371FB700755575 /* tabButtonBackground.png */,
				51CD57AC183727AF00755575 /* favoritesIcon.png */,
				51CD57AD183727AF00755575 /* favoritesIconHighlighted.png */,
				51CD57AE183727AF00755575 /* mentionsIcon.png */,
				51CD57AF183727AF00755575 /* mentionsIconHighlighted.png */,
				51CD57B0183727AF00755575 /* messagesIcon.png */,
				51CD57B1183727AF00755575 /* messagesIconHighlighted.png */,
				51CD57B2183727AF00755575 /* searchIcon.png */,
				51CD57B3183727AF00755575 /* searchIconHighlighted.png */,
				51CD57B4183727AF00755575 /* timelineIcon.png */,
				51CD57B5183727AF00755575 /* timelineIconHighlighted.png */,
				517D8A3E183707D9000E97B5 /* AppDelegate.h */,
				517D8A3F183707D9000E97B5 /* AppDelegate.m */,
				517D8A5E183707FB000E97B5 /* MyNBTabBar.h */,
				517D8A5F183707FB000E97B5 /* MyNBTabBar.m */,
				517D8A6418370846000E97B5 /* MyNBTabButton.h */,
				517D8A6518370846000E97B5 /* MyNBTabButton.m */,
				517D8A6A1837089C000E97B5 /* MyNBTabNotification.h */,
				517D8A6B1837089C000E97B5 /* MyNBTabNotification.m */,
				517D8A6D18370921000E97B5 /* MyNBTabController.h */,
				517D8A6E18370921000E97B5 /* MyNBTabController.m */,
				51CD57A91837254300755575 /* ViewController.h */,
				51CD57AA1837254300755575 /* ViewController.m */,
				517D8A41183707D9000E97B5 /* Images.xcassets */,
				517D8A36183707D9000E97B5 /* Supporting Files */,
			);
			path = NB2;
			sourceTree = "<group>";
		};
		517D8A36183707D9000E97B5 /* Supporting Files */ = {
			isa = PBXGroup;
			children = (
				517D8A37183707D9000E97B5 /* NB2-Info.plist */,
				517D8A38183707D9000E97B5 /* InfoPlist.strings */,
				517D8A3B183707D9000E97B5 /* main.m */,
				517D8A3D183707D9000E97B5 /* NB2-Prefix.pch */,
			);
			name = "Supporting Files";
			sourceTree = "<group>";
		};
		517D8A4E183707D9000E97B5 /* NB2Tests */ = {
			isa = PBXGroup;
			children = (
				517D8A54183707D9000E97B5 /* NB2Tests.m */,
				517D8A4F183707D9000E97B5 /* Supporting Files */,
			);
			path = NB2Tests;
			sourceTree = "<group>";
		};
		517D8A4F183707D9000E97B5 /* Supporting Files */ = {
			isa = PBXGroup;
			children = (
				517D8A50183707D9000E97B5 /* NB2Tests-Info.plist */,
				517D8A51183707D9000E97B5 /* InfoPlist.strings */,
			);
			name = "Supporting Files";
			sourceTree = "<group>";
		};
/* End PBXGroup section */

/* Begin PBXNativeTarget section */
		517D8A2B183707D9000E97B5 /* NB2 */ = {
			isa = PBXNativeTarget;
			buildConfigurationList = 517D8A58183707D9000E97B5 /* Build configuration list for PBXNativeTarget "NB2" */;
			buildPhases = (
				517D8A28183707D9000E97B5 /* Sources */,
				517D8A29183707D9000E97B5 /* Frameworks */,
				517D8A2A183707D9000E97B5 /* Resources */,
			);
			buildRules = (
			);
			dependencies = (
			);
			name = NB2;
			productName = NB2;
			productReference = 517D8A2C183707D9000E97B5 /* NB2.app */;
			productType = "com.apple.product-type.application";
		};
		517D8A46183707D9000E97B5 /* NB2Tests */ = {
			isa = PBXNativeTarget;
			buildConfigurationList = 517D8A5B183707D9000E97B5 /* Build configuration list for PBXNativeTarget "NB2Tests" */;
			buildPhases = (
				517D8A43183707D9000E97B5 /* Sources */,
				517D8A44183707D9000E97B5 /* Frameworks */,
				517D8A45183707D9000E97B5 /* Resources */,
			);
			buildRules = (
			);
			dependencies = (
				517D8A4D183707D9000E97B5 /* PBXTargetDependency */,
			);
			name = NB2Tests;
			productName = NB2Tests;
			productReference = 517D8A47183707D9000E97B5 /* NB2Tests.xctest */;
			productType = "com.apple.product-type.bundle.unit-test";
		};
/* End PBXNativeTarget section */

/* Begin PBXProject section */
		517D8A24183707D9000E97B5 /* Project object */ = {
			isa = PBXProject;
			attributes = {
				LastUpgradeCheck = 0500;
				ORGANIZATIONNAME = Kohn;
				TargetAttributes = {
					517D8A46183707D9000E97B5 = {
						TestTargetID = 517D8A2B183707D9000E97B5;
					};
				};
			};
			buildConfigurationList = 517D8A27183707D9000E97B5 /* Build configuration list for PBXProject "NB2" */;
			compatibilityVersion = "Xcode 3.2";
			developmentRegion = English;
			hasScannedForEncodings = 0;
			knownRegions = (
				en,
			);
			mainGroup = 517D8A23183707D9000E97B5;
			productRefGroup = 517D8A2D183707D9000E97B5 /* Products */;
			projectDirPath = "";
			projectRoot = "";
			targets = (
				517D8A2B183707D9000E97B5 /* NB2 */,
				517D8A46183707D9000E97B5 /* NB2Tests */,
			);
		};
/* End PBXProject section */

/* Begin PBXResourcesBuildPhase section */
		517D8A2A183707D9000E97B5 /* Resources */ = {
			isa = PBXResourcesBuildPhase;
			buildActionMask = 2147483647;
			files = (
				517D8A3A183707D9000E97B5 /* InfoPlist.strings in Resources */,
				51CD57BE183727AF00755575 /* timelineIcon.png in Resources */,
				51CD57BF183727AF00755575 /* timelineIconHighlighted.png in Resources */,
				51CD57BB183727AF00755575 /* messagesIconHighlighted.png in Resources */,
				51CD57B8183727AF00755575 /* mentionsIcon.png in Resources */,
				51CD57B7183727AF00755575 /* favoritesIconHighlighted.png in Resources */,
				51CD57A718371FB700755575 /* hightabButtonBackground.png in Resources */,
				51CD57BD183727AF00755575 /* searchIconHighlighted.png in Resources */,
				51CD57BA183727AF00755575 /* messagesIcon.png in Resources */,
				51CD57B6183727AF00755575 /* favoritesIcon.png in Resources */,
				517D8A7118371135000E97B5 /* tabBarNotificationLightOn.png in Resources */,
				51CD57BC183727AF00755575 /* searchIcon.png in Resources */,
				517D8A42183707D9000E97B5 /* Images.xcassets in Resources */,
				51CD57B9183727AF00755575 /* mentionsIconHighlighted.png in Resources */,
				51CD57A818371FB700755575 /* tabButtonBackground.png in Resources */,
			);
			runOnlyForDeploymentPostprocessing = 0;
		};
		517D8A45183707D9000E97B5 /* Resources */ = {
			isa = PBXResourcesBuildPhase;
			buildActionMask = 2147483647;
			files = (
				517D8A53183707D9000E97B5 /* InfoPlist.strings in Resources */,
			);
			runOnlyForDeploymentPostprocessing = 0;
		};
/* End PBXResourcesBuildPhase section */

/* Begin PBXSourcesBuildPhase section */
		517D8A28183707D9000E97B5 /* Sources */ = {
			isa = PBXSourcesBuildPhase;
			buildActionMask = 2147483647;
			files = (
				51CD57AB1837254300755575 /* ViewController.m in Sources */,
				517D8A40183707D9000E97B5 /* AppDelegate.m in Sources */,
				517D8A60183707FB000E97B5 /* MyNBTabBar.m in Sources */,
				517D8A3C183707D9000E97B5 /* main.m in Sources */,
				517D8A6F18370921000E97B5 /* MyNBTabController.m in Sources */,
				517D8A6618370846000E97B5 /* MyNBTabButton.m in Sources */,
				517D8A6C1837089C000E97B5 /* MyNBTabNotification.m in Sources */,
			);
			runOnlyForDeploymentPostprocessing = 0;
		};
		517D8A43183707D9000E97B5 /* Sources */ = {
			isa = PBXSourcesBuildPhase;
			buildActionMask = 2147483647;
			files = (
				517D8A55183707D9000E97B5 /* NB2Tests.m in Sources */,
			);
			runOnlyForDeploymentPostprocessing = 0;
		};
/* End PBXSourcesBuildPhase section */

/* Begin PBXTargetDependency section */
		517D8A4D183707D9000E97B5 /* PBXTargetDependency */ = {
			isa = PBXTargetDependency;
			target = 517D8A2B183707D9000E97B5 /* NB2 */;
			targetProxy = 517D8A4C183707D9000E97B5 /* PBXContainerItemProxy */;
		};
/* End PBXTargetDependency section */

/* Begin PBXVariantGroup section */
		517D8A38183707D9000E97B5 /* InfoPlist.strings */ = {
			isa = PBXVariantGroup;
			children = (
				517D8A39183707D9000E97B5 /* en */,
			);
			name = InfoPlist.strings;
			sourceTree = "<group>";
		};
		517D8A51183707D9000E97B5 /* InfoPlist.strings */ = {
			isa = PBXVariantGroup;
			children = (
				517D8A52183707D9000E97B5 /* en */,
			);
			name = InfoPlist.strings;
			sourceTree = "<group>";
		};
/* End PBXVariantGroup section */

/* Begin XCBuildConfiguration section */
		517D8A56183707D9000E97B5 /* Debug */ = {
			isa = XCBuildConfiguration;
			buildSettings = {
				ALWAYS_SEARCH_USER_PATHS = NO;
				ARCHS = "$(ARCHS_STANDARD_INCLUDING_64_BIT)";
				CLANG_CXX_LANGUAGE_STANDARD = "gnu++0x";
				CLANG_CXX_LIBRARY = "libc++";
				CLANG_ENABLE_MODULES = YES;
				CLANG_ENABLE_OBJC_ARC = YES;
				CLANG_WARN_BOOL_CONVERSION = YES;
				CLANG_WARN_CONSTANT_CONVERSION = YES;
				CLANG_WARN_DIRECT_OBJC_ISA_USAGE = YES_ERROR;
				CLANG_WARN_EMPTY_BODY = YES;
				CLANG_WARN_ENUM_CONVERSION = YES;
				CLANG_WARN_INT_CONVERSION = YES;
				CLANG_WARN_OBJC_ROOT_CLASS = YES_ERROR;
				CLANG_WARN__DUPLICATE_METHOD_MATCH = YES;
				"CODE_SIGN_IDENTITY[sdk=iphoneos*]" = "iPhone Developer";
				COPY_PHASE_STRIP = NO;
				GCC_C_LANGUAGE_STANDARD = gnu99;
				GCC_DYNAMIC_NO_PIC = NO;
				GCC_OPTIMIZATION_LEVEL = 0;
				GCC_PREPROCESSOR_DEFINITIONS = (
					"DEBUG=1",
					"$(inherited)",
				);
				GCC_SYMBOLS_PRIVATE_EXTERN = NO;
				GCC_WARN_64_TO_32_BIT_CONVERSION = YES;
				GCC_WARN_ABOUT_RETURN_TYPE = YES_ERROR;
				GCC_WARN_UNDECLARED_SELECTOR = YES;
				GCC_WARN_UNINITIALIZED_AUTOS = YES;
				GCC_WARN_UNUSED_FUNCTION = YES;
				GCC_WARN_UNUSED_VARIABLE = YES;
				IPHONEOS_DEPLOYMENT_TARGET = 7.0;
				ONLY_ACTIVE_ARCH = YES;
				SDKROOT = iphoneos;
			};
			name = Debug;
		};
		517D8A57183707D9000E97B5 /* Release */ = {
			isa = XCBuildConfiguration;
			buildSettings = {
				ALWAYS_SEARCH_USER_PATHS = NO;
				ARCHS = "$(ARCHS_STANDARD_INCLUDING_64_BIT)";
				CLANG_CXX_LANGUAGE_STANDARD = "gnu++0x";
				CLANG_CXX_LIBRARY = "libc++";
				CLANG_ENABLE_MODULES = YES;
				CLANG_ENABLE_OBJC_ARC = YES;
				CLANG_WARN_BOOL_CONVERSION = YES;
				CLANG_WARN_CONSTANT_CONVERSION = YES;
				CLANG_WARN_DIRECT_OBJC_ISA_USAGE = YES_ERROR;
				CLANG_WARN_EMPTY_BODY = YES;
				CLANG_WARN_ENUM_CONVERSION = YES;
				CLANG_WARN_INT_CONVERSION = YES;
				CLANG_WARN_OBJC_ROOT_CLASS = YES_ERROR;
				CLANG_WARN__DUPLICATE_METHOD_MATCH = YES;
				"CODE_SIGN_IDENTITY[sdk=iphoneos*]" = "iPhone Developer";
				COPY_PHASE_STRIP = YES;
				ENABLE_NS_ASSERTIONS = NO;
				GCC_C_LANGUAGE_STANDARD = gnu99;
				GCC_WARN_64_TO_32_BIT_CONVERSION = YES;
				GCC_WARN_ABOUT_RETURN_TYPE = YES_ERROR;
				GCC_WARN_UNDECLARED_SELECTOR = YES;
				GCC_WARN_UNINITIALIZED_AUTOS = YES;
				GCC_WARN_UNUSED_FUNCTION = YES;
				GCC_WARN_UNUSED_VARIABLE = YES;
				IPHONEOS_DEPLOYMENT_TARGET = 7.0;
				SDKROOT = iphoneos;
				VALIDATE_PRODUCT = YES;
			};
			name = Release;
		};
		517D8A59183707D9000E97B5 /* Debug */ = {
			isa = XCBuildConfiguration;
			buildSettings = {
				ASSETCATALOG_COMPILER_APPICON_NAME = AppIcon;
				ASSETCATALOG_COMPILER_LAUNCHIMAGE_NAME = LaunchImage;
				GCC_PRECOMPILE_PREFIX_HEADER = YES;
				GCC_PREFIX_HEADER = "NB2/NB2-Prefix.pch";
				INFOPLIST_FILE = "NB2/NB2-Info.plist";
				PRODUCT_NAME = "$(TARGET_NAME)";
				WRAPPER_EXTENSION = app;
			};
			name = Debug;
		};
		517D8A5A183707D9000E97B5 /* Release */ = {
			isa = XCBuildConfiguration;
			buildSettings = {
				ASSETCATALOG_COMPILER_APPICON_NAME = AppIcon;
				ASSETCATALOG_COMPILER_LAUNCHIMAGE_NAME = LaunchImage;
				GCC_PRECOMPILE_PREFIX_HEADER = YES;
				GCC_PREFIX_HEADER = "NB2/NB2-Prefix.pch";
				INFOPLIST_FILE = "NB2/NB2-Info.plist";
				PRODUCT_NAME = "$(TARGET_NAME)";
				WRAPPER_EXTENSION = app;
			};
			name = Release;
		};
		517D8A5C183707D9000E97B5 /* Debug */ = {
			isa = XCBuildConfiguration;
			buildSettings = {
				ARCHS = "$(ARCHS_STANDARD_INCLUDING_64_BIT)";
				BUNDLE_LOADER = "$(BUILT_PRODUCTS_DIR)/NB2.app/NB2";
				FRAMEWORK_SEARCH_PATHS = (
					"$(SDKROOT)/Developer/Library/Frameworks",
					"$(inherited)",
					"$(DEVELOPER_FRAMEWORKS_DIR)",
				);
				GCC_PRECOMPILE_PREFIX_HEADER = YES;
				GCC_PREFIX_HEADER = "NB2/NB2-Prefix.pch";
				GCC_PREPROCESSOR_DEFINITIONS = (
					"DEBUG=1",
					"$(inherited)",
				);
				INFOPLIST_FILE = "NB2Tests/NB2Tests-Info.plist";
				PRODUCT_NAME = "$(TARGET_NAME)";
				TEST_HOST = "$(BUNDLE_LOADER)";
				WRAPPER_EXTENSION = xctest;
			};
			name = Debug;
		};
		517D8A5D183707D9000E97B5 /* Release */ = {
			isa = XCBuildConfiguration;
			buildSettings = {
				ARCHS = "$(ARCHS_STANDARD_INCLUDING_64_BIT)";
				BUNDLE_LOADER = "$(BUILT_PRODUCTS_DIR)/NB2.app/NB2";
				FRAMEWORK_SEARCH_PATHS = (
					"$(SDKROOT)/Developer/Library/Frameworks",
					"$(inherited)",
					"$(DEVELOPER_FRAMEWORKS_DIR)",
				);
				GCC_PRECOMPILE_PREFIX_HEADER = YES;
				GCC_PREFIX_HEADER = "NB2/NB2-Prefix.pch";
				INFOPLIST_FILE = "NB2Tests/NB2Tests-Info.plist";
				PRODUCT_NAME = "$(TARGET_NAME)";
				TEST_HOST = "$(BUNDLE_LOADER)";
				WRAPPER_EXTENSION = xctest;
			};
			name = Release;
		};
/* End XCBuildConfiguration section */

/* Begin XCConfigurationList section */
		517D8A27183707D9000E97B5 /* Build configuration list for PBXProject "NB2" */ = {
			isa = XCConfigurationList;
			buildConfigurations = (
				517D8A56183707D9000E97B5 /* Debug */,
				517D8A57183707D9000E97B5 /* Release */,
			);
			defaultConfigurationIsVisible = 0;
			defaultConfigurationName = Release;
		};
		517D8A58183707D9000E97B5 /* Build configuration list for PBXNativeTarget "NB2" */ = {
			isa = XCConfigurationList;
			buildConfigurations = (
				517D8A59183707D9000E97B5 /* Debug */,
				517D8A5A183707D9000E97B5 /* Release */,
			);
			defaultConfigurationIsVisible = 0;
			defaultConfigurationName = Release;
		};
		517D8A5B183707D9000E97B5 /* Build configuration list for PBXNativeTarget "NB2Tests" */ = {
			isa = XCConfigurationList;
			buildConfigurations = (
				517D8A5C183707D9000E97B5 /* Debug */,
				517D8A5D183707D9000E97B5 /* Release */,
			);
			defaultConfigurationIsVisible = 0;
			defaultConfigurationName = Release;
		};
/* End XCConfigurationList section */
	};
	rootObject = 517D8A24183707D9000E97B5 /* Project object */;
}
